
Microsoft Visual Studio Solution File, Format Version 12.00
# Visual Studio 14
VisualStudioVersion = 14.0.25420.1
MinimumVisualStudioVersion = 10.0.40219.1
Project("{8BC9CEB8-8B4A-11D0-8D11-00A0C91BC942}") = "FHL", "FHL\FHL.vcxproj", "{223C719D-CA78-4405-91EB-E293B4EF9EA7}"
EndProject
Project("{8BC9CEB8-8B4A-11D0-8D11-00A0C91BC942}") = "EndlessRunner", "EndlessRunner\EndlessRunner.vcxproj", "{CC92D506-A3EF-4E24-AF72-71FC51A3670D}"
	ProjectSection(ProjectDependencies) = postProject
		{223C719D-CA78-4405-91EB-E293B4EF9EA7} = {223C719D-CA78-4405-91EB-E293B4EF9EA7}
	EndProjectSection
EndProject
Global
	GlobalSection(SolutionConfigurationPlatforms) = preSolution
		Debug|x64 = Debug|x64
		Debug|x86 = Debug|x86
		Release|x64 = Release|x64
		Release|x86 = Release|x86
	EndGlobalSection
	GlobalSection(ProjectConfigurationPlatforms) = postSolution
		{223C719D-CA78-4405-91EB-E293B4EF9EA7}.Debug|x64.ActiveCfg = Debug|x64
		{223C719D-CA78-4405-91EB-E293B4EF9EA7}.Debug|x64.Build.0 = Debug|x64
		{223C719D-CA78-4405-91EB-E293B4EF9EA7}.Debug|x86.ActiveCfg = Debug|Win32
		{223C719D-CA78-4405-91EB-E293B4EF9EA7}.Debug|x86.Build.0 = Debug|Win32
		{223C719D-CA78-4405-91EB-E293B4EF9EA7}.Release|x64.ActiveCfg = Release|x64
		{223C719D-CA78-4405-91EB-E293B4EF9EA7}.Release|x64.Build.0 = Release|x64
		{223C719D-CA78-4405-91EB-E293B4EF9EA7}.Release|x86.ActiveCfg = Release|Win32
		{223C719D-CA78-4405-91EB-E293B4EF9EA7}.Release|x86.Build.0 = Release|Win32
		{CC92D506-A3EF-4E24-AF72-71FC51A3670D}.Debug|x64.ActiveCfg = Debug|x64
		{CC92D506-A3EF-4E24-AF72-71FC51A3670D}.Debug|x64.Build.0 = Debug|x64
		{CC92D506-A3EF-4E24-AF72-71FC51A3670D}.Debug|x86.ActiveCfg = Debug|Win32
		{CC92D506-A3EF-4E24-AF72-71FC51A3670D}.Debug|x86.Build.0 = Debug|Win32
		{CC92D506-A3EF-4E24-AF72-71FC51A3670D}.Release|x64.ActiveCfg = Release|x64
		{CC92D506-A3EF-4E24-AF72-71FC51A3670D}.Release|x64.Build.0 = Release|x64
		{CC92D506-A3EF-4E24-AF72-71FC51A3670D}.Release|x86.ActiveCfg = Release|Win32
		{CC92D506-A3EF-4E24-AF72-71FC51A3670D}.Release|x86.Build.0 = Release|Win32
	EndGlobalSection
	GlobalSection(SolutionProperties) = preSolution
		HideSolutionNode = FALSE
	EndGlobalSection
EndGlobal
